{
  "name": "open-source-catalog",
  "version": "1.0.0",
  "lockfileVersion": 1,
  "requires": true,
  "dependencies": {
    "eslint": {
      "version": "5.4.0",
      "resolved": "https://registry.npmjs.org/eslint/-/eslint-5.4.0.tgz",
      "integrity": "sha512-UIpL91XGex3qtL6qwyCQJar2j3osKxK9e3ano3OcGEIRM4oWIpCkDg9x95AXEC2wMs7PnxzOkPZ2gq+tsMS9yg==",
      "dev": true,
      "dependencies": {
        "acorn": {
          "version": "5.7.1",
          "resolved": "https://registry.npmjs.org/acorn/-/acorn-5.7.1.tgz",
          "integrity": "sha512-d+nbxBUGKg7Arpsvbnlq61mc12ek3EY8EQldM3GPAhWJ1UVxC6TDGbIvUMNU6obBX3i1+ptCIzV4vq0gFPEGVQ=="
        },
        "acorn-jsx": {
          "version": "4.1.1",
          "resolved": "https://registry.npmjs.org/acorn-jsx/-/acorn-jsx-4.1.1.tgz",
          "integrity": "sha512-JY+iV6r+cO21KtntVvFkD+iqjtdpRUpGqKWgfkCdZq1R+kbreEl8EcdcJR4SmiIgsIQT33s6QzheQ9a275Q8xw=="
        },
        "ajv": {
          "version": "6.5.3",
          "resolved": "https://registry.npmjs.org/ajv/-/ajv-6.5.3.tgz",
          "integrity": "sha512-LqZ9wY+fx3UMiiPd741yB2pj3hhil+hQc8taf4o2QGRFpWgZ2V5C8HA165DY9sS3fJwsk7uT7ZlFEyC3Ig3lLg=="
        },
        "ajv-keywords": {
          "version": "3.2.0",
          "resolved": "https://registry.npmjs.org/ajv-keywords/-/ajv-keywords-3.2.0.tgz",
          "integrity": "sha1-6GuBnGAs+IIa1jdBNpjx3sAhhHo="
        },
        "cross-spawn": {
          "version": "6.0.5",
          "resolved": "https://registry.npmjs.org/cross-spawn/-/cross-spawn-6.0.5.tgz",
          "integrity": "sha512-eTVLrBSt7fjbDygz805pMnstIs2VTBNkRm0qxZd+M7A5XDdxVRWO5MxGBXZhjY4cqLYLdtrGqRf8mBPmzwSpWQ=="
        },
        "eslint-scope": {
          "version": "4.0.0",
          "resolved": "https://registry.npmjs.org/eslint-scope/-/eslint-scope-4.0.0.tgz",
          "integrity": "sha512-1G6UTDi7Jc1ELFwnR58HV4fK9OQK4S6N985f166xqXxpjU6plxFISJa2Ba9KCQuFa8RCnj/lSFJbHo7UFDBnUA=="
        },
        "espree": {
          "version": "4.0.0",
          "resolved": "https://registry.npmjs.org/espree/-/espree-4.0.0.tgz",
          "integrity": "sha512-kapdTCt1bjmspxStVKX6huolXVV5ZfyZguY1lcfhVVZstce3bqxH9mcLzNn3/mlgW6wQ732+0fuG9v7h0ZQoKg=="
        },
        "esquery": {
          "version": "1.0.1",
          "resolved": "https://registry.npmjs.org/esquery/-/esquery-1.0.1.tgz",
          "integrity": "sha512-SmiyZ5zIWH9VM+SRUReLS5Q8a7GxtRdxEBVZpm98rJM7Sb+A9DVCndXfkeFUd3byderg+EbDkfnevfCwynWaNA=="
        },
        "fast-deep-equal": {
          "version": "2.0.1",
          "resolved": "https://registry.npmjs.org/fast-deep-equal/-/fast-deep-equal-2.0.1.tgz",
          "integrity": "sha1-ewUhjd+WZ79/Nwv3/bLLFf3Qqkk="
        },
        "globals": {
          "version": "11.7.0",
          "resolved": "https://registry.npmjs.org/globals/-/globals-11.7.0.tgz",
          "integrity": "sha512-K8BNSPySfeShBQXsahYB/AbbWruVOTyVpgoIDnl8odPpeSfP2J5QO2oLFFdl2j7GfDCtZj2bMKar2T49itTPCg=="
        },
        "ignore": {
          "version": "4.0.6",
          "resolved": "https://registry.npmjs.org/ignore/-/ignore-4.0.6.tgz",
          "integrity": "sha512-cyFDKrqc/YdcWFniJhzI42+AzS+gNwmUzOSFcRCQYwySuBBBy/KjuxWLZ/FHEH6Moq1NizMOBWyTcv8O4OZIMg=="
        },
        "inquirer": {
          "version": "5.2.0",
          "resolved": "https://registry.npmjs.org/inquirer/-/inquirer-5.2.0.tgz",
          "integrity": "sha512-E9BmnJbAKLPGonz0HeWHtbKf+EeSP93paWO3ZYoUpq/aowXvYGjjCSuashhXPpzbArIjBbji39THkxTz9ZeEUQ=="
        },
        "json-schema-traverse": {
          "version": "0.4.1",
          "resolved": "https://registry.npmjs.org/json-schema-traverse/-/json-schema-traverse-0.4.1.tgz",
          "integrity": "sha512-xbbCH5dCYU5T8LcEhhuh7HJ88HXuW3qsI3Y0zOZFKfZEHcpWiHU/Jxzk629Brsab/mMiHQti9wMP+845RPe3Vg=="
        },
        "regexpp": {
          "version": "2.0.0",
          "resolved": "https://registry.npmjs.org/regexpp/-/regexpp-2.0.0.tgz",
          "integrity": "sha512-g2FAVtR8Uh8GO1Nv5wpxW7VFVwHcCEr4wyA8/MHiRkO8uHoR5ntAA8Uq3P1vvMTX/BeQiRVSpDGLd+Wn5HNOTA=="
        },
        "table": {
          "version": "4.0.3",
          "resolved": "https://registry.npmjs.org/table/-/table-4.0.3.tgz",
          "integrity": "sha512-S7rnFITmBH1EnyKcvxBh1LjYeQMmnZtCXSEbHcH6S0NoKit24ZuFO/T1vDcLdYsLQkM188PVVhQmzKIuThNkKg=="
        }
      }
    },
    "eslint-plugin-json": {
      "version": "1.2.1",
      "resolved": "https://registry.npmjs.org/eslint-plugin-json/-/eslint-plugin-json-1.2.1.tgz",
      "integrity": "sha512-7/8a+rwJLI5gq1ofZi33FmaDlRc49h3hkoHKE0SejSN3W8nmEzggeaI/MUWnxjHyVaPjvlzZxdpoMOCywLHDyA==",
      "dev": true,
      "dependencies": {
        "jshint": {
          "version": "2.9.6",
          "resolved": "https://registry.npmjs.org/jshint/-/jshint-2.9.6.tgz",
          "integrity": "sha512-KO9SIAKTlJQOM4lE64GQUtGBRpTOuvbrRrSZw3AhUxMNG266nX9hK2cKA4SBhXOj0irJGyNyGSLT62HGOVDEOA=="
        },
        "lodash": {
          "version": "4.17.10",
          "resolved": "https://registry.npmjs.org/lodash/-/lodash-4.17.10.tgz",
          "integrity": "sha512-UejweD1pDoXu+AD825lWwp4ZGtSwgnpZxb3JDViD7StjQz+Nb/6l093lx4OQ0foGWNRoc19mWy7BzL+UAK2iVg=="
        },
        "strip-json-comments": {
          "version": "1.0.4",
          "resolved": "https://registry.npmjs.org/strip-json-comments/-/strip-json-comments-1.0.4.tgz",
          "integrity": "sha1-HhX7ysl9Pumb8tc7TGVrCCu6+5E="
        }
      }
    },
    "eslint-plugin-markdown": {
      "version": "1.0.0-beta.6",
      "resolved": "https://registry.npmjs.org/eslint-plugin-markdown/-/eslint-plugin-markdown-1.0.0-beta.6.tgz",
      "integrity": "sha1-2eYmZu6k52OH6F9QLfZoq9+9Q5U=",
      "dev": true
    },
    "jest": {
      "version": "22.4.3",
      "resolved": "https://registry.npmjs.org/jest/-/jest-22.4.3.tgz",
      "integrity": "sha512-FFCdU/pXOEASfHxFDOWUysI/+FFoqiXJADEIXgDKuZyqSmBD3tZ4BEGH7+M79v7czj7bbkhwtd2LaEDcJiM/GQ==",
      "dependencies": {
        "ansi-regex": {
          "version": "3.0.0",
          "resolved": "https://registry.npmjs.org/ansi-regex/-/ansi-regex-3.0.0.tgz",
          "integrity": "sha1-7QMXwyIGT3lGbAKWa922Bas32Zg="
        },
        "ansi-styles": {
          "version": "3.2.1",
          "resolved": "https://registry.npmjs.org/ansi-styles/-/ansi-styles-3.2.1.tgz",
          "integrity": "sha512-VT0ZI6kZRdTh8YyJw3SMbYm/u+NqfsAxEpWO0Pf9sq8/e94WxxOpPKx9FR1FlyCtOVDNOQ+8ntlqFxiRc+r5qA=="
        },
        "babel-jest": {
          "version": "22.4.3",
          "resolved": "https://registry.npmjs.org/babel-jest/-/babel-jest-22.4.3.tgz",
          "integrity": "sha512-BgSjmtl3mW3i+VeVHEr9d2zFSAT66G++pJcHQiUjd00pkW+voYXFctIm/indcqOWWXw5a1nUpR1XWszD9fJ1qg=="
        },
        "babel-plugin-jest-hoist": {
          "version": "22.4.3",
          "resolved": "https://registry.npmjs.org/babel-plugin-jest-hoist/-/babel-plugin-jest-hoist-22.4.3.tgz",
          "integrity": "sha512-zhvv4f6OTWy2bYevcJftwGCWXMFe7pqoz41IhMi4xna7xNsX5NygdagsrE0y6kkfuXq8UalwvPwKTyAxME2E/g=="
        },
        "babel-preset-jest": {
          "version": "22.4.3",
          "resolved": "https://registry.npmjs.org/babel-preset-jest/-/babel-preset-jest-22.4.3.tgz",
          "integrity": "sha512-a+M3LTEXTq3gxv0uBN9Qm6ahUl7a8pj923nFbCUdqFUSsf3YrX8Uc+C3MEwji5Af3LiQjSC7w4ooYewlz8HRTA=="
        },
        "callsites": {
          "version": "2.0.0",
          "resolved": "https://registry.npmjs.org/callsites/-/callsites-2.0.0.tgz",
          "integrity": "sha1-BuuE8A7qQT2oav/vrL/7Ngk7PFA="
        },
        "camelcase": {
          "version": "4.1.0",
          "resolved": "https://registry.npmjs.org/camelcase/-/camelcase-4.1.0.tgz",
          "integrity": "sha1-1UVjW+HjPFQmScaRc+Xeas+uNN0="
        },
        "cliui": {
          "version": "4.0.0",
          "resolved": "https://registry.npmjs.org/cliui/-/cliui-4.0.0.tgz",
          "integrity": "sha512-nY3W5Gu2racvdDk//ELReY+dHjb9PlIcVDFXP72nVIhq2Gy3LuVXYwJoPVudwQnv1shtohpgkdCKT2YaKY0CKw=="
        },
        "expect": {
          "version": "22.4.3",
          "resolved": "https://registry.npmjs.org/expect/-/expect-22.4.3.tgz",
          "integrity": "sha512-XcNXEPehqn8b/jm8FYotdX0YrXn36qp4HWlrVT4ktwQas1l1LPxiVWncYnnL2eyMtKAmVIaG0XAp0QlrqJaxaA=="
        },
        "jest-changed-files": {
          "version": "22.4.3",
          "resolved": "https://registry.npmjs.org/jest-changed-files/-/jest-changed-files-22.4.3.tgz",
          "integrity": "sha512-83Dh0w1aSkUNFhy5d2dvqWxi/y6weDwVVLU6vmK0cV9VpRxPzhTeGimbsbRDSnEoszhF937M4sDLLeS7Cu/Tmw=="
        },
        "jest-cli": {
          "version": "22.4.3",
          "resolved": "https://registry.npmjs.org/jest-cli/-/jest-cli-22.4.3.tgz",
          "integrity": "sha512-IiHybF0DJNqZPsbjn4Cy4vcqcmImpoFwNFnkehzVw8lTUSl4axZh5DHewu5bdpZF2Y5gUqFKYzH0FH4Qx2k+UA=="
        },
        "jest-config": {
          "version": "22.4.3",
          "resolved": "https://registry.npmjs.org/jest-config/-/jest-config-22.4.3.tgz",
          "integrity": "sha512-KSg3EOToCgkX+lIvenKY7J8s426h6ahXxaUFJxvGoEk0562Z6inWj1TnKoGycTASwiLD+6kSYFALcjdosq9KIQ=="
        },
        "jest-diff": {
          "version": "22.4.3",
          "resolved": "https://registry.npmjs.org/jest-diff/-/jest-diff-22.4.3.tgz",
          "integrity": "sha512-/QqGvCDP5oZOF6PebDuLwrB2BMD8ffJv6TAGAdEVuDx1+uEgrHpSFrfrOiMRx2eJ1hgNjlQrOQEHetVwij90KA=="
        },
        "jest-docblock": {
          "version": "22.4.3",
          "resolved": "https://registry.npmjs.org/jest-docblock/-/jest-docblock-22.4.3.tgz",
          "integrity": "sha512-uPKBEAw7YrEMcXueMKZXn/rbMxBiSv48fSqy3uEnmgOlQhSX+lthBqHb1fKWNVmFqAp9E/RsSdBfiV31LbzaOg=="
        },
        "jest-environment-jsdom": {
          "version": "22.4.3",
          "resolved": "https://registry.npmjs.org/jest-environment-jsdom/-/jest-environment-jsdom-22.4.3.tgz",
          "integrity": "sha512-FviwfR+VyT3Datf13+ULjIMO5CSeajlayhhYQwpzgunswoaLIPutdbrnfUHEMyJCwvqQFaVtTmn9+Y8WCt6n1w=="
        },
        "jest-environment-node": {
          "version": "22.4.3",
          "resolved": "https://registry.npmjs.org/jest-environment-node/-/jest-environment-node-22.4.3.tgz",
          "integrity": "sha512-reZl8XF6t/lMEuPWwo9OLfttyC26A5AMgDyEQ6DBgZuyfyeNUzYT8BFo6uxCCP/Av/b7eb9fTi3sIHFPBzmlRA=="
        },
        "jest-get-type": {
          "version": "22.4.3",
          "resolved": "https://registry.npmjs.org/jest-get-type/-/jest-get-type-22.4.3.tgz",
          "integrity": "sha512-/jsz0Y+V29w1chdXVygEKSz2nBoHoYqNShPe+QgxSNjAuP1i8+k4LbQNrfoliKej0P45sivkSCh7yiD6ubHS3w=="
        },
        "jest-haste-map": {
          "version": "22.4.3",
          "resolved": "https://registry.npmjs.org/jest-haste-map/-/jest-haste-map-22.4.3.tgz",
          "integrity": "sha512-4Q9fjzuPVwnaqGKDpIsCSoTSnG3cteyk2oNVjBX12HHOaF1oxql+uUiqZb5Ndu7g/vTZfdNwwy4WwYogLh29DQ=="
        },
        "jest-jasmine2": {
          "version": "22.4.3",
          "resolved": "https://registry.npmjs.org/jest-jasmine2/-/jest-jasmine2-22.4.3.tgz",
          "integrity": "sha512-yZCPCJUcEY6R5KJB/VReo1AYI2b+5Ky+C+JA1v34jndJsRcLpU4IZX4rFJn7yDTtdNbO/nNqg+3SDIPNH2ecnw=="
        },
        "jest-leak-detector": {
          "version": "22.4.3",
          "resolved": "https://registry.npmjs.org/jest-leak-detector/-/jest-leak-detector-22.4.3.tgz",
          "integrity": "sha512-NZpR/Ls7+ndO57LuXROdgCGz2RmUdC541tTImL9bdUtU3WadgFGm0yV+Ok4Fuia/1rLAn5KaJ+i76L6e3zGJYQ=="
        },
        "jest-matcher-utils": {
          "version": "22.4.3",
          "resolved": "https://registry.npmjs.org/jest-matcher-utils/-/jest-matcher-utils-22.4.3.tgz",
          "integrity": "sha512-lsEHVaTnKzdAPR5t4B6OcxXo9Vy4K+kRRbG5gtddY8lBEC+Mlpvm1CJcsMESRjzUhzkz568exMV1hTB76nAKbA=="
        },
        "jest-message-util": {
          "version": "22.4.3",
          "resolved": "https://registry.npmjs.org/jest-message-util/-/jest-message-util-22.4.3.tgz",
          "integrity": "sha512-iAMeKxhB3Se5xkSjU0NndLLCHtP4n+GtCqV0bISKA5dmOXQfEbdEmYiu2qpnWBDCQdEafNDDU6Q+l6oBMd/+BA=="
        },
        "jest-mock": {
          "version": "22.4.3",
          "resolved": "https://registry.npmjs.org/jest-mock/-/jest-mock-22.4.3.tgz",
          "integrity": "sha512-+4R6mH5M1G4NK16CKg9N1DtCaFmuxhcIqF4lQK/Q1CIotqMs/XBemfpDPeVZBFow6iyUNu6EBT9ugdNOTT5o5Q=="
        },
        "jest-regex-util": {
          "version": "22.4.3",
          "resolved": "https://registry.npmjs.org/jest-regex-util/-/jest-regex-util-22.4.3.tgz",
          "integrity": "sha512-LFg1gWr3QinIjb8j833bq7jtQopiwdAs67OGfkPrvy7uNUbVMfTXXcOKXJaeY5GgjobELkKvKENqq1xrUectWg=="
        },
        "jest-resolve": {
          "version": "22.4.3",
          "resolved": "https://registry.npmjs.org/jest-resolve/-/jest-resolve-22.4.3.tgz",
          "integrity": "sha512-u3BkD/MQBmwrOJDzDIaxpyqTxYH+XqAXzVJP51gt29H8jpj3QgKof5GGO2uPGKGeA1yTMlpbMs1gIQ6U4vcRhw=="
        },
        "jest-resolve-dependencies": {
          "version": "22.4.3",
          "resolved": "https://registry.npmjs.org/jest-resolve-dependencies/-/jest-resolve-dependencies-22.4.3.tgz",
          "integrity": "sha512-06czCMVToSN8F2U4EvgSB1Bv/56gc7MpCftZ9z9fBgUQM7dzHGCMBsyfVA6dZTx8v0FDcnALf7hupeQxaBCvpA=="
        },
        "jest-runner": {
          "version": "22.4.3",
          "resolved": "https://registry.npmjs.org/jest-runner/-/jest-runner-22.4.3.tgz",
          "integrity": "sha512-U7PLlQPRlWNbvOHWOrrVay9sqhBJmiKeAdKIkvX4n1G2tsvzLlf77nBD28GL1N6tGv4RmuTfI8R8JrkvCa+IBg=="
        },
        "jest-runtime": {
          "version": "22.4.3",
          "resolved": "https://registry.npmjs.org/jest-runtime/-/jest-runtime-22.4.3.tgz",
          "integrity": "sha512-Eat/esQjevhx9BgJEC8udye+FfoJ2qvxAZfOAWshYGS22HydHn5BgsvPdTtt9cp0fSl5LxYOFA1Pja9Iz2Zt8g=="
        },
        "jest-serializer": {
          "version": "22.4.3",
          "resolved": "https://registry.npmjs.org/jest-serializer/-/jest-serializer-22.4.3.tgz",
          "integrity": "sha512-uPaUAppx4VUfJ0QDerpNdF43F68eqKWCzzhUlKNDsUPhjOon7ZehR4C809GCqh765FoMRtTVUVnGvIoskkYHiw=="
        },
        "jest-snapshot": {
          "version": "22.4.3",
          "resolved": "https://registry.npmjs.org/jest-snapshot/-/jest-snapshot-22.4.3.tgz",
          "integrity": "sha512-JXA0gVs5YL0HtLDCGa9YxcmmV2LZbwJ+0MfyXBBc5qpgkEYITQFJP7XNhcHFbUvRiniRpRbGVfJrOoYhhGE0RQ=="
        },
        "jest-util": {
          "version": "22.4.3",
          "resolved": "https://registry.npmjs.org/jest-util/-/jest-util-22.4.3.tgz",
          "integrity": "sha512-rfDfG8wyC5pDPNdcnAlZgwKnzHvZDu8Td2NJI/jAGKEGxJPYiE4F0ss/gSAkG4778Y23Hvbz+0GMrDJTeo7RjQ=="
        },
        "jest-validate": {
          "version": "22.4.3",
          "resolved": "https://registry.npmjs.org/jest-validate/-/jest-validate-22.4.3.tgz",
          "integrity": "sha512-CfFM18W3GSP/xgmA4UouIx0ljdtfD2mjeBC6c89Gg17E44D4tQhAcTrZmf9djvipwU30kSTnk6CzcxdCCeSXfA=="
        },
        "jest-worker": {
          "version": "22.4.3",
          "resolved": "https://registry.npmjs.org/jest-worker/-/jest-worker-22.4.3.tgz",
          "integrity": "sha512-B1ucW4fI8qVAuZmicFxI1R3kr2fNeYJyvIQ1rKcuLYnenFV5K5aMbxFj6J0i00Ju83S8jP2d7Dz14+AvbIHRYQ=="
        },
        "pretty-format": {
          "version": "22.4.3",
          "resolved": "https://registry.npmjs.org/pretty-format/-/pretty-format-22.4.3.tgz",
          "integrity": "sha512-S4oT9/sT6MN7/3COoOy+ZJeA92VmOnveLHgrwBE3Z1W5N9S2A1QGNYiE1z75DAENbJrXXUb+OWXhpJcg05QKQQ=="
        },
        "source-map": {
          "version": "0.6.1",
          "resolved": "https://registry.npmjs.org/source-map/-/source-map-0.6.1.tgz",
          "integrity": "sha512-UjgapumWlbMhkBgzT7Ykc5YXUT46F0iKu8SGXq0bcwP5dz/h0Plj6enJqjz1Zbq2l5WaqYnrVbwWOWMyF3F47g=="
        },
        "strip-bom": {
          "version": "3.0.0",
          "resolved": "https://registry.npmjs.org/strip-bom/-/strip-bom-3.0.0.tgz",
          "integrity": "sha1-IzTBjpx1n3vdVv3vfprj1YjmjtM="
        },
        "yargs": {
          "version": "10.1.2",
          "resolved": "https://registry.npmjs.org/yargs/-/yargs-10.1.2.tgz",
          "integrity": "sha512-ivSoxqBGYOqQVruxD35+EyCFDYNEFL/Uo6FcOnz+9xZdZzK0Zzw4r4KhbrME1Oo2gOggwJod2MnsdamSG7H9ig=="
        },
        "yargs-parser": {
          "version": "8.1.0",
          "resolved": "https://registry.npmjs.org/yargs-parser/-/yargs-parser-8.1.0.tgz",
          "integrity": "sha512-yP+6QqN8BmrgW2ggLtTbdrOyBNSI7zBa4IykmiV5R1wl1JWNxQvWhMfMdmzIYtKU7oP3OOInY/tl2ov3BDjnJQ=="
        }
      }
    },
    "lodash": {
      "version": "4.17.21",
      "resolved": "https://registry.npmjs.org/lodash/-/lodash-4.17.21.tgz",
      "integrity": "sha512-v2kDEe57lecTulaDIuNTPy3Ry4gLGJ6Z1O3vE1krgXZNrsQ+LFTGHVxVjcXPs17LhbZVGedAJv8XZ1tvj5FvSg=="
    }
  }
}
